✗ terraform apply

Terraform used the selected providers to generate the following execution plan. Resource actions are indicated with the following symbols:
  + create

Terraform will perform the following actions:

  # google_bigquery_dataset.dataset will be created
  + resource "google_bigquery_dataset" "dataset" {
      + creation_time              = (known after apply)
      + dataset_id                 = "ny_taxi_data"
      + delete_contents_on_destroy = false
      + etag                       = (known after apply)
      + id                         = (known after apply)
      + labels                     = (known after apply)
      + last_modified_time         = (known after apply)
      + location                   = "EU"
      + project                    = "dtc-de-course-412717"
      + self_link                  = (known after apply)
    }

  # google_storage_bucket.data-lake-bucket will be created
  + resource "google_storage_bucket" "data-lake-bucket" {
      + force_destroy               = true
      + id                          = (known after apply)
      + location                    = "EU"
      + name                        = "dtc-de-course-412717-bucket"
      + project                     = (known after apply)
      + public_access_prevention    = (known after apply)
      + self_link                   = (known after apply)
      + storage_class               = "STANDARD"
      + uniform_bucket_level_access = true
      + url                         = (known after apply)

      + lifecycle_rule {
          + action {
              + type = "Delete"
            }
          + condition {
              + age                   = 30
              + matches_prefix        = []
              + matches_storage_class = []
              + matches_suffix        = []
              + with_state            = (known after apply)
            }
        }

      + versioning {
          + enabled = true
        }
    }

Plan: 2 to add, 0 to change, 0 to destroy.

Do you want to perform these actions?
  Terraform will perform the actions described above.
  Only 'yes' will be accepted to approve.

  Enter yes

google_bigquery_dataset.dataset: Creating...
google_storage_bucket.data-lake-bucket: Creating...
google_bigquery_dataset.dataset: Creation complete after 2s [id=projects/dtc-de-course-412717/datasets/ny_taxi_data]
google_storage_bucket.data-lake-bucket: Creation complete after 4s [id=dtc-de-course-412717-bucket]

Apply complete! Resources: 2 added, 0 changed, 0 destroyed.